
Microsoft Visual Studio Solution File, Format Version 12.00
# Visual Studio Version 17
VisualStudioVersion = 17.14.36212.18 d17.14
MinimumVisualStudioVersion = 10.0.40219.1
Project("{FAE04EC0-301F-11D3-BF4B-00C04F79EFBC}") = "Tak-Engine", "Tak-Engine.csproj", "{CF1FB42E-BDAB-4BA4-9E89-6931CEFE280B}"
EndProject
Global
	GlobalSection(SolutionConfigurationPlatforms) = preSolution
		Debug|Any CPU = Debug|Any CPU
		Release|Any CPU = Release|Any CPU
	EndGlobalSection
	GlobalSection(ProjectConfigurationPlatforms) = postSolution
		{CF1FB42E-BDAB-4BA4-9E89-6931CEFE280B}.Debug|Any CPU.ActiveCfg = Debug|Any CPU
		{CF1FB42E-BDAB-4BA4-9E89-6931CEFE280B}.Debug|Any CPU.Build.0 = Debug|Any CPU
		{CF1FB42E-BDAB-4BA4-9E89-6931CEFE280B}.Release|Any CPU.ActiveCfg = Release|Any CPU
		{CF1FB42E-BDAB-4BA4-9E89-6931CEFE280B}.Release|Any CPU.Build.0 = Release|Any CPU
	EndGlobalSection
	GlobalSection(SolutionProperties) = preSolution
		HideSolutionNode = FALSE
	EndGlobalSection
	GlobalSection(ExtensibilityGlobals) = postSolution
		SolutionGuid = {E307FC88-968D-4116-8D1D-5DB16F30080F}
	EndGlobalSection
EndGlobal
